
Microsoft Visual Studio Solution File, Format Version 12.00
# Visual Studio Version 17
VisualStudioVersion = 17.9.34310.174
MinimumVisualStudioVersion = 10.0.40219.1
Project("{9A19103F-16F7-4668-BE54-9A1E7A4F7556}") = "ConfigManager", "ConfigManager\ConfigManager.csproj", "{8D04D920-A8F2-425B-89FE-EBEA130EB723}"
EndProject
Project("{FAE04EC0-301F-11D3-BF4B-00C04F79EFBC}") = "ConfigManager.Tests", "ConfigManager.Tests\ConfigManager.Tests.csproj", "{2456CA3F-884D-481C-A74A-377A2DCDAC8E}"
EndProject
Global
	GlobalSection(SolutionConfigurationPlatforms) = preSolution
		Debug|Any CPU = Debug|Any CPU
		Release|Any CPU = Release|Any CPU
	EndGlobalSection
	GlobalSection(ProjectConfigurationPlatforms) = postSolution
		{8D04D920-A8F2-425B-89FE-EBEA130EB723}.Debug|Any CPU.ActiveCfg = Debug|Any CPU
		{8D04D920-A8F2-425B-89FE-EBEA130EB723}.Debug|Any CPU.Build.0 = Debug|Any CPU
		{8D04D920-A8F2-425B-89FE-EBEA130EB723}.Release|Any CPU.ActiveCfg = Release|Any CPU
		{8D04D920-A8F2-425B-89FE-EBEA130EB723}.Release|Any CPU.Build.0 = Release|Any CPU
		{2456CA3F-884D-481C-A74A-377A2DCDAC8E}.Debug|Any CPU.ActiveCfg = Debug|Any CPU
		{2456CA3F-884D-481C-A74A-377A2DCDAC8E}.Debug|Any CPU.Build.0 = Debug|Any CPU
		{2456CA3F-884D-481C-A74A-377A2DCDAC8E}.Release|Any CPU.ActiveCfg = Release|Any CPU
		{2456CA3F-884D-481C-A74A-377A2DCDAC8E}.Release|Any CPU.Build.0 = Release|Any CPU
	EndGlobalSection
	GlobalSection(SolutionProperties) = preSolution
		HideSolutionNode = FALSE
	EndGlobalSection
	GlobalSection(ExtensibilityGlobals) = postSolution
		SolutionGuid = {8799B8A6-025C-4915-8BD4-0D99CBFC034A}
	EndGlobalSection
EndGlobal
